{
  "version": "5",
  "remote": {
    "https://edge.netlify.com/": "fd941d61d88673d5f28aab283fb86fcc50f08a3bc80ee5470498fcfa88c65cfb",
    "https://edge.netlify.com/bootstrap/config.ts": "6a2ce0e544e15e8f8883a5c18da5948e37fd0f2619f68cb31f3af53c51817025",
    "https://edge.netlify.com/bootstrap/context.ts": "72496497b40d9e808f419efc764ecb438952a32f61ed94cd54952fc59f17f69d",
    "https://edge.netlify.com/bootstrap/cookie.ts": "8b0baae708989ca183c6f3b4ab3d029e6abcbc2e43f93edeb0ff447b3bbc3a05",
    "https://edge.netlify.com/bootstrap/edge_function.ts": "b8253e86aa83c67341f5cfedeba5049d77fbf84dcab7eceff7566b7728ae9b39",
    "https://edge.netlify.com/bootstrap/globals/types.ts": "eaa6148ded3121d8dee62dd91c86e7fe76601df0f3ca8d7962243a30f4c8935f"
  },
  "workspace": {
    "packageJson": {
      "dependencies": [
        "npm:@hookform/resolvers@^3.10.0",
        "npm:@playwright/test@^1.56.1",
        "npm:@prisma/client@^6.19.0",
        "npm:@radix-ui/react-accordion@^1.2.12",
        "npm:@radix-ui/react-alert-dialog@^1.1.15",
        "npm:@radix-ui/react-avatar@^1.1.11",
        "npm:@radix-ui/react-checkbox@^1.3.3",
        "npm:@radix-ui/react-dialog@^1.1.15",
        "npm:@radix-ui/react-dropdown-menu@^2.1.16",
        "npm:@radix-ui/react-icons@^1.3.2",
        "npm:@radix-ui/react-label@^2.1.8",
        "npm:@radix-ui/react-popover@^1.1.15",
        "npm:@radix-ui/react-select@^2.2.6",
        "npm:@radix-ui/react-separator@^1.1.8",
        "npm:@radix-ui/react-slot@^1.2.4",
        "npm:@radix-ui/react-tabs@^1.1.13",
        "npm:@radix-ui/react-toast@^1.2.15",
        "npm:@tanstack/react-query-devtools@^5.90.2",
        "npm:@tanstack/react-query@^5.90.9",
        "npm:@testing-library/jest-dom@^6.9.1",
        "npm:@testing-library/react@^16.3.0",
        "npm:@testing-library/user-event@^14.6.1",
        "npm:@types/bcryptjs@^2.4.6",
        "npm:@types/jest@30",
        "npm:@types/jsonwebtoken@^9.0.10",
        "npm:@types/node@22",
        "npm:@types/react-dom@19",
        "npm:@types/react@19",
        "npm:@vitejs/plugin-react@^5.1.1",
        "npm:@vitest/coverage-v8@^4.0.8",
        "npm:@vitest/ui@^4.0.8",
        "npm:autoprefixer@^10.4.22",
        "npm:bcryptjs@^3.0.3",
        "npm:class-variance-authority@~0.7.1",
        "npm:clsx@^2.1.1",
        "npm:date-fns@^4.1.0",
        "npm:eslint-config-next@15.1.3",
        "npm:eslint@9",
        "npm:jest-environment-jsdom@^30.2.0",
        "npm:jest@^30.2.0",
        "npm:jsonwebtoken@^9.0.2",
        "npm:lucide-react@0.468",
        "npm:next@15.1.3",
        "npm:postcss@8",
        "npm:prisma@^6.19.0",
        "npm:react-day-picker@^9.11.1",
        "npm:react-dom@19",
        "npm:react-hook-form@^7.66.0",
        "npm:react@19",
        "npm:recharts@^2.15.0",
        "npm:sonner@^2.0.7",
        "npm:tailwind-merge@^2.6.0",
        "npm:tailwindcss-animate@^1.0.7",
        "npm:tailwindcss@^3.4.18",
        "npm:ts-node@^10.9.2",
        "npm:tsx@^4.20.6",
        "npm:typescript@5",
        "npm:vitest@^4.0.8",
        "npm:zod@^3.25.76",
        "npm:zustand@^5.0.2"
      ]
    }
  }
}
